lockfileVersion: '9.0'

settings:
  autoInstallPeers: true
  excludeLinksFromLockfile: false

importers:

  .:
    devDependencies:
      '@axe-core/playwright':
        specifier: 4.13.0
        version: 4.13.0(playwright-core@1.63.0)
      '@jspsych/plugin-html-keyboard-response':
        specifier: 2.2.0
        version: 2.2.0(jspsych@8.3.0)
      '@jspsych/plugin-image-keyboard-response':
        specifier: 2.2.0
        version: 2.2.0(jspsych@8.3.0)
      '@jspsych/plugin-preload':
        specifier: 2.1.0
        version: 2.1.0(jspsych@8.3.0)
      '@jspsych/plugin-survey-likert':
        specifier: 2.2.0
        version: 2.2.0(jspsych@8.3.0)
      '@playwright/test':
        specifier: 1.63.0
        version: 1.63.0
      jspsych:
        specifier: 8.3.0
        version: 8.3.0

packages:

  '@axe-core/playwright@4.13.0':
    resolution: {integrity: sha512-6YLx+kxXu5GJceG4ozFg+33a2EMTdjYwWGloJ3sb9Kta5pp+ZNS53uxGVog5JetIY8s++P5UrtX+cri+u0VAVg==}
    peerDependencies:
      playwright-core: '>= 1.0.0'

  '@jspsych/plugin-html-keyboard-response@2.2.0':
    resolution: {integrity: sha512-xuNbZH4QNuERMIg2+tHZ0KDpn/TZFXjmUa23zSl2iEmNGp1DNMhOZGlzR4lyavcFeq5qudpr3ZS4AlrlMS0Gdg==}
    peerDependencies:
      jspsych: '>=7.1.0'

  '@jspsych/plugin-image-keyboard-response@2.2.0':
    resolution: {integrity: sha512-vEzJB8p8yyvHW8iPY0l6r+vA6p7TAyMKUBPSYXfPRFjb7noePmdSuPCSvPR3DRtuWlYOWn2CjDo6LU6VyTKdpg==}
    peerDependencies:
      jspsych: '>=7.1.0'

  '@jspsych/plugin-preload@2.1.0':
    resolution: {integrity: sha512-tQUViQQNK5RXc+sYjNyV1NKl8gt9Wl+sZ55kpW1eEn9I84WCSBtjPDthr7WxGMZeK+E/ybYucWMVcIwlncaHAg==}
    peerDependencies:
      jspsych: '>=7.1.0'

  '@jspsych/plugin-survey-likert@2.2.0':
    resolution: {integrity: sha512-FCDvSytFTbcd6TSV5MeODxNFSu9MrX+7QIQZGaUXS1WwsuFmonjBz29y6PjR0+7Y2gRlL2V6uP8/84G6JPQCJw==}
    peerDependencies:
      jspsych: '>=7.1.0'

  '@playwright/test@1.63.0':
    resolution: {integrity: sha512-oxMK4vllB9RK5NQ2l1pq1IfOf2AvnEuj/vYGDj0H2nMtmtZpKtCwt/l00GEO6xjGfpBNAvjovvYdCm50dRQkpQ==}
    engines: {node: '>=20'}
    hasBin: true

  auto-bind@4.0.0:
    resolution: {integrity: sha512-Hdw8qdNiqdJ8LqT0iK0sVzkFbzg6fhnQqqfWhBDxcHZvU75+B+ayzTy8x+k5Ix0Y92XOhOUlx74ps+bA6BeYMQ==}
    engines: {node: '>=8'}

  axe-core@4.13.0:
    resolution: {integrity: sha512-UzGt8zg7Ny8djbYMhxl2zuEevVa7r2gJjYY5Lwr1xM7+XU2nd6CkIWFTVcCIbAP63vSz71NaVyyuSk9lHKcy0A==}
    engines: {node: '>=4'}

  jspsych@8.3.0:
    resolution: {integrity: sha512-UrwSVG14v8oRX6WFQ1L6uuGT0G7KgRDSH48iKIVIQI+yMRGAlvg+tEUNFKe/1xZxgk3kZiZ5xP0AnpPqPj1zkg==}

  playwright-core@1.63.0:
    resolution: {integrity: sha512-rYCsBF/M5HjUch52bbtVONEFjv6Xu8sm8h72dNlR5bzIE1fvC/bxgspzkjSfU+MweEMmPM8KJebG6nnyxo5mCg==}
    engines: {node: '>=20'}
    hasBin: true

  playwright@1.63.0:
    resolution: {integrity: sha512-+7ziBLidS4NaNCdt57SUDT+wYmmd5fmiQejUic/kb+YsYSCPyOOE9sebzMjNmQrsnNpDJqd4WHvV/8lfKfUDUg==}
    engines: {node: '>=20'}
    hasBin: true

  random-words@1.3.0:
    resolution: {integrity: sha512-brwCGe+DN9DqZrAQVNj1Tct1Lody6GrYL/7uei5wfjeQdacFyFd2h/51LNlOoBMzIKMS9xohuL4+wlF/z1g/xg==}

  seedrandom@3.0.5:
    resolution: {integrity: sha512-8OwmbklUNzwezjGInmZ+2clQmExQPvomqjL7LFqOYqtmuxRgQYqOD3mHaU+MvZn5FLUeVxVfQjwLZW/n/JFuqg==}

  type-fest@2.19.0:
    resolution: {integrity: sha512-RAH822pAdBgcNMAfWnCBU3CFZcfZ/i1eZjwFU/dsLKumyuuP3niueg2UAukXYF0E2AAoc82ZSSf9J0WQBinzHA==}
    engines: {node: '>=12.20'}

snapshots:

  '@axe-core/playwright@4.13.0(playwright-core@1.63.0)':
    dependencies:
      axe-core: 4.13.0
      playwright-core: 1.63.0

  '@jspsych/plugin-html-keyboard-response@2.2.0(jspsych@8.3.0)':
    dependencies:
      jspsych: 8.3.0

  '@jspsych/plugin-image-keyboard-response@2.2.0(jspsych@8.3.0)':
    dependencies:
      jspsych: 8.3.0

  '@jspsych/plugin-preload@2.1.0(jspsych@8.3.0)':
    dependencies:
      jspsych: 8.3.0

  '@jspsych/plugin-survey-likert@2.2.0(jspsych@8.3.0)':
    dependencies:
      jspsych: 8.3.0

  '@playwright/test@1.63.0':
    dependencies:
      playwright: 1.63.0

  auto-bind@4.0.0: {}

  axe-core@4.13.0: {}

  jspsych@8.3.0:
    dependencies:
      auto-bind: 4.0.0
      random-words: 1.3.0
      seedrandom: 3.0.5
      type-fest: 2.19.0

  playwright-core@1.63.0: {}

  playwright@1.63.0:
    dependencies:
      playwright-core: 1.63.0

  random-words@1.3.0:
    dependencies:
      seedrandom: 3.0.5

  seedrandom@3.0.5: {}

  type-fest@2.19.0: {}
